// !$*UTF8*$!
{
	archiveVersion = 1;
	classes = {
	};
	objectVersion = 48;
	objects = {

/* Begin PBXBuildFile section */
		5F1A18C21FEA520B008ACD30 /* CallInComingViewController.swift in Sources */ = {isa = PBXBuildFile; fileRef = 5F1A18C11FEA520B008ACD30 /* CallInComingViewController.swift */; };
		5F3D815F1FDFBF16004CC1F7 /* MessageTableViewCell.swift in Sources */ = {isa = PBXBuildFile; fileRef = 5F3D815E1FDFBF16004CC1F7 /* MessageTableViewCell.swift */; };
		5F4F0E5620187FFD00A62508 /* GoogleService-Info.plist in Resources */ = {isa = PBXBuildFile; fileRef = 5F4F0E5520187FFD00A62508 /* GoogleService-Info.plist */; };
		5F4F0E58201881B200A62508 /* LoginViewController.swift in Sources */ = {isa = PBXBuildFile; fileRef = 5F4F0E57201881B200A62508 /* LoginViewController.swift */; };
		5F5A6A821FE36A9200020FF0 /* BubbleChat.swift in Sources */ = {isa = PBXBuildFile; fileRef = 5F5A6A811FE36A9200020FF0 /* BubbleChat.swift */; };
		5F5C42F21FE8C57D00DE777D /* NewsFeedViewController.swift in Sources */ = {isa = PBXBuildFile; fileRef = 5F5C42F11FE8C57D00DE777D /* NewsFeedViewController.swift */; };
		5F5C42F61FE8CD1F00DE777D /* NewsFeedCollectionViewCell.swift in Sources */ = {isa = PBXBuildFile; fileRef = 5F5C42F51FE8CD1F00DE777D /* NewsFeedCollectionViewCell.swift */; };
		5F5C42F81FE8F46200DE777D /* VideoCallViewController.swift in Sources */ = {isa = PBXBuildFile; fileRef = 5F5C42F71FE8F46200DE777D /* VideoCallViewController.swift */; };
		5F6D04441FE1117600BE7965 /* Extention.swift in Sources */ = {isa = PBXBuildFile; fileRef = 5F6D04431FE1117600BE7965 /* Extention.swift */; };
		5FA0D0971FE79C1700A04C92 /* ChatManager.swift in Sources */ = {isa = PBXBuildFile; fileRef = 5FA0D0961FE79C1700A04C92 /* ChatManager.swift */; };
		5FB6359A1FDF75A3005812F3 /* AppDelegate.swift in Sources */ = {isa = PBXBuildFile; fileRef = 5FB635991FDF75A3005812F3 /* AppDelegate.swift */; };
		5FB6359C1FDF75A3005812F3 /* MessageViewController.swift in Sources */ = {isa = PBXBuildFile; fileRef = 5FB6359B1FDF75A3005812F3 /* MessageViewController.swift */; };
		5FB6359F1FDF75A3005812F3 /* Main.storyboard in Resources */ = {isa = PBXBuildFile; fileRef = 5FB6359D1FDF75A3005812F3 /* Main.storyboard */; };
		5FB635A11FDF75A3005812F3 /* Assets.xcassets in Resources */ = {isa = PBXBuildFile; fileRef = 5FB635A01FDF75A3005812F3 /* Assets.xcassets */; };
		5FB635A41FDF75A3005812F3 /* LaunchScreen.storyboard in Resources */ = {isa = PBXBuildFile; fileRef = 5FB635A21FDF75A3005812F3 /* LaunchScreen.storyboard */; };
		5FB635AC1FDF7F3A005812F3 /* CustomView.swift in Sources */ = {isa = PBXBuildFile; fileRef = 5FB635AB1FDF7F3A005812F3 /* CustomView.swift */; };
		5FB635AE1FDF8077005812F3 /* PeopleTableViewController.swift in Sources */ = {isa = PBXBuildFile; fileRef = 5FB635AD1FDF8077005812F3 /* PeopleTableViewController.swift */; };
		5FB635B01FDF808E005812F3 /* PeopleTableViewCell.swift in Sources */ = {isa = PBXBuildFile; fileRef = 5FB635AF1FDF808E005812F3 /* PeopleTableViewCell.swift */; };
		5FBB10CC1FDFE68600E7412A /* DataService.swift in Sources */ = {isa = PBXBuildFile; fileRef = 5FBB10CB1FDFE68600E7412A /* DataService.swift */; };
		5FBB10CE1FDFE71C00E7412A /* Modal.swift in Sources */ = {isa = PBXBuildFile; fileRef = 5FBB10CD1FDFE71C00E7412A /* Modal.swift */; };
		5FEB1D081FEA6DDB005ABD4D /* VideoCallManger.swift in Sources */ = {isa = PBXBuildFile; fileRef = 5FEB1D071FEA6DDB005ABD4D /* VideoCallManger.swift */; };
		F7B40FEDF9CB616009ED34A4 /* Pods_People.framework in Frameworks */ = {isa = PBXBuildFile; fileRef = 3FCBAE30AD1DBA7CAEE5B512 /* Pods_People.framework */; };
/* End PBXBuildFile section */

/* Begin PBXFileReference section */
		3FCBAE30AD1DBA7CAEE5B512 /* Pods_People.framework */ = {isa = PBXFileReference; explicitFileType = wrapper.framework; includeInIndex = 0; path = Pods_People.framework; sourceTree = BUILT_PRODUCTS_DIR; };
		5F1A18C11FEA520B008ACD30 /* CallInComingViewController.swift */ = {isa = PBXFileReference; lastKnownFileType = sourcecode.swift; path = CallInComingViewController.swift; sourceTree = "<group>"; };
		5F3D815E1FDFBF16004CC1F7 /* MessageTableViewCell.swift */ = {isa = PBXFileReference; lastKnownFileType = sourcecode.swift; path = MessageTableViewCell.swift; sourceTree = "<group>"; };
		5F4F0E5520187FFD00A62508 /* GoogleService-Info.plist */ = {isa = PBXFileReference; fileEncoding = 4; lastKnownFileType = text.plist.xml; path = "GoogleService-Info.plist"; sourceTree = "<group>"; };
		5F4F0E57201881B200A62508 /* LoginViewController.swift */ = {isa = PBXFileReference; lastKnownFileType = sourcecode.swift; path = LoginViewController.swift; sourceTree = "<group>"; };
		5F5A6A811FE36A9200020FF0 /* BubbleChat.swift */ = {isa = PBXFileReference; lastKnownFileType = sourcecode.swift; path = BubbleChat.swift; sourceTree = "<group>"; };
		5F5C42F11FE8C57D00DE777D /* NewsFeedViewController.swift */ = {isa = PBXFileReference; lastKnownFileType = sourcecode.swift; path = NewsFeedViewController.swift; sourceTree = "<group>"; };
		5F5C42F51FE8CD1F00DE777D /* NewsFeedCollectionViewCell.swift */ = {isa = PBXFileReference; lastKnownFileType = sourcecode.swift; path = NewsFeedCollectionViewCell.swift; sourceTree = "<group>"; };
		5F5C42F71FE8F46200DE777D /* VideoCallViewController.swift */ = {isa = PBXFileReference; lastKnownFileType = sourcecode.swift; path = VideoCallViewController.swift; sourceTree = "<group>"; };
		5F6D04431FE1117600BE7965 /* Extention.swift */ = {isa = PBXFileReference; lastKnownFileType = sourcecode.swift; path = Extention.swift; sourceTree = "<group>"; };
		5FA0D0961FE79C1700A04C92 /* ChatManager.swift */ = {isa = PBXFileReference; lastKnownFileType = sourcecode.swift; path = ChatManager.swift; sourceTree = "<group>"; };
		5FB635961FDF75A3005812F3 /* People.app */ = {isa = PBXFileReference; explicitFileType = wrapper.application; includeInIndex = 0; path = People.app; sourceTree = BUILT_PRODUCTS_DIR; };
		5FB635991FDF75A3005812F3 /* AppDelegate.swift */ = {isa = PBXFileReference; lastKnownFileType = sourcecode.swift; path = AppDelegate.swift; sourceTree = "<group>"; };
		5FB6359B1FDF75A3005812F3 /* MessageViewController.swift */ = {isa = PBXFileReference; lastKnownFileType = sourcecode.swift; path = MessageViewController.swift; sourceTree = "<group>"; };
		5FB6359E1FDF75A3005812F3 /* Base */ = {isa = PBXFileReference; lastKnownFileType = file.storyboard; name = Base; path = Base.lproj/Main.storyboard; sourceTree = "<group>"; };
		5FB635A01FDF75A3005812F3 /* Assets.xcassets */ = {isa = PBXFileReference; lastKnownFileType = folder.assetcatalog; path = Assets.xcassets; sourceTree = "<group>"; };
		5FB635A31FDF75A3005812F3 /* Base */ = {isa = PBXFileReference; lastKnownFileType = file.storyboard; name = Base; path = Base.lproj/LaunchScreen.storyboard; sourceTree = "<group>"; };
		5FB635A51FDF75A3005812F3 /* Info.plist */ = {isa = PBXFileReference; lastKnownFileType = text.plist.xml; path = Info.plist; sourceTree = "<group>"; };
		5FB635AB1FDF7F3A005812F3 /* CustomView.swift */ = {isa = PBXFileReference; lastKnownFileType = sourcecode.swift; path = CustomView.swift; sourceTree = "<group>"; };
		5FB635AD1FDF8077005812F3 /* PeopleTableViewController.swift */ = {isa = PBXFileReference; lastKnownFileType = sourcecode.swift; path = PeopleTableViewController.swift; sourceTree = "<group>"; };
		5FB635AF1FDF808E005812F3 /* PeopleTableViewCell.swift */ = {isa = PBXFileReference; lastKnownFileType = sourcecode.swift; path = PeopleTableViewCell.swift; sourceTree = "<group>"; };
		5FBB10CB1FDFE68600E7412A /* DataService.swift */ = {isa = PBXFileReference; lastKnownFileType = sourcecode.swift; path = DataService.swift; sourceTree = "<group>"; };
		5FBB10CD1FDFE71C00E7412A /* Modal.swift */ = {isa = PBXFileReference; lastKnownFileType = sourcecode.swift; path = Modal.swift; sourceTree = "<group>"; };
		5FEB1D071FEA6DDB005ABD4D /* VideoCallManger.swift */ = {isa = PBXFileReference; lastKnownFileType = sourcecode.swift; path = VideoCallManger.swift; sourceTree = "<group>"; };
		A84017FF240CD497DD836DBF /* Pods-People.release.xcconfig */ = {isa = PBXFileReference; includeInIndex = 1; lastKnownFileType = text.xcconfig; name = "Pods-People.release.xcconfig"; path = "Pods/Target Support Files/Pods-People/Pods-People.release.xcconfig"; sourceTree = "<group>"; };
		BE14CE96BF323367FDC03A12 /* Pods-People.debug.xcconfig */ = {isa = PBXFileReference; includeInIndex = 1; lastKnownFileType = text.xcconfig; name = "Pods-People.debug.xcconfig"; path = "Pods/Target Support Files/Pods-People/Pods-People.debug.xcconfig"; sourceTree = "<group>"; };
/* End PBXFileReference section */

/* Begin PBXFrameworksBuildPhase section */
		5FB635931FDF75A3005812F3 /* Frameworks */ = {
			isa = PBXFrameworksBuildPhase;
			buildActionMask = 2147483647;
			files = (
				F7B40FEDF9CB616009ED34A4 /* Pods_People.framework in Frameworks */,
			);
			runOnlyForDeploymentPostprocessing = 0;
		};
/* End PBXFrameworksBuildPhase section */

/* Begin PBXGroup section */
		5F1A18C31FEA5E2B008ACD30 /* Video Call */ = {
			isa = PBXGroup;
			children = (
				5F1A18C11FEA520B008ACD30 /* CallInComingViewController.swift */,
				5F5C42F71FE8F46200DE777D /* VideoCallViewController.swift */,
				5FEB1D071FEA6DDB005ABD4D /* VideoCallManger.swift */,
			);
			path = "Video Call";
			sourceTree = "<group>";
		};
		5F1A18C41FEA5EDE008ACD30 /* Chat */ = {
			isa = PBXGroup;
			children = (
				5FB635AD1FDF8077005812F3 /* PeopleTableViewController.swift */,
				5FB635AF1FDF808E005812F3 /* PeopleTableViewCell.swift */,
				5FB6359B1FDF75A3005812F3 /* MessageViewController.swift */,
				5F3D815E1FDFBF16004CC1F7 /* MessageTableViewCell.swift */,
			);
			path = Chat;
			sourceTree = "<group>";
		};
		5F1A18C51FEA5F3A008ACD30 /* Modal */ = {
			isa = PBXGroup;
			children = (
				5FBB10CD1FDFE71C00E7412A /* Modal.swift */,
				5FBB10CB1FDFE68600E7412A /* DataService.swift */,
				5FA0D0961FE79C1700A04C92 /* ChatManager.swift */,
			);
			path = Modal;
			sourceTree = "<group>";
		};
		5F1A18C61FEA5F5C008ACD30 /* Support File */ = {
			isa = PBXGroup;
			children = (
				5FB635AB1FDF7F3A005812F3 /* CustomView.swift */,
				5F5A6A811FE36A9200020FF0 /* BubbleChat.swift */,
				5FB635991FDF75A3005812F3 /* AppDelegate.swift */,
				5F6D04431FE1117600BE7965 /* Extention.swift */,
				5FB635A01FDF75A3005812F3 /* Assets.xcassets */,
				5F4F0E5520187FFD00A62508 /* GoogleService-Info.plist */,
				5FB6359D1FDF75A3005812F3 /* Main.storyboard */,
			);
			path = "Support File";
			sourceTree = "<group>";
		};
		5F1A18C71FEA5F74008ACD30 /* ViewController */ = {
			isa = PBXGroup;
			children = (
				5F4F0E59201881C000A62508 /* Login */,
				5F1A18C81FEA5FAD008ACD30 /* TimeLine */,
				5F1A18C31FEA5E2B008ACD30 /* Video Call */,
				5F1A18C41FEA5EDE008ACD30 /* Chat */,
			);
			path = ViewController;
			sourceTree = "<group>";
		};
		5F1A18C81FEA5FAD008ACD30 /* TimeLine */ = {
			isa = PBXGroup;
			children = (
				5F5C42F11FE8C57D00DE777D /* NewsFeedViewController.swift */,
				5F5C42F51FE8CD1F00DE777D /* NewsFeedCollectionViewCell.swift */,
			);
			path = TimeLine;
			sourceTree = "<group>";
		};
		5F4F0E59201881C000A62508 /* Login */ = {
			isa = PBXGroup;
			children = (
				5F4F0E57201881B200A62508 /* LoginViewController.swift */,
			);
			path = Login;
			sourceTree = "<group>";
		};
		5FB6358D1FDF75A3005812F3 = {
			isa = PBXGroup;
			children = (
				5FB635981FDF75A3005812F3 /* People */,
				5FB635971FDF75A3005812F3 /* Products */,
				D7A6AACD8ED5DFE5A952BF29 /* Pods */,
				F5D31DA878750A681A1697CE /* Frameworks */,
			);
			sourceTree = "<group>";
		};
		5FB635971FDF75A3005812F3 /* Products */ = {
			isa = PBXGroup;
			children = (
				5FB635961FDF75A3005812F3 /* People.app */,
			);
			name = Products;
			sourceTree = "<group>";
		};
		5FB635981FDF75A3005812F3 /* People */ = {
			isa = PBXGroup;
			children = (
				5F1A18C71FEA5F74008ACD30 /* ViewController */,
				5F1A18C61FEA5F5C008ACD30 /* Support File */,
				5F1A18C51FEA5F3A008ACD30 /* Modal */,
				5FB635A21FDF75A3005812F3 /* LaunchScreen.storyboard */,
				5FB635A51FDF75A3005812F3 /* Info.plist */,
			);
			path = People;
			sourceTree = "<group>";
		};
		D7A6AACD8ED5DFE5A952BF29 /* Pods */ = {
			isa = PBXGroup;
			children = (
				BE14CE96BF323367FDC03A12 /* Pods-People.debug.xcconfig */,
				A84017FF240CD497DD836DBF /* Pods-People.release.xcconfig */,
			);
			name = Pods;
			sourceTree = "<group>";
		};
		F5D31DA878750A681A1697CE /* Frameworks */ = {
			isa = PBXGroup;
			children = (
				3FCBAE30AD1DBA7CAEE5B512 /* Pods_People.framework */,
			);
			name = Frameworks;
			sourceTree = "<group>";
		};
/* End PBXGroup section */

/* Begin PBXNativeTarget section */
		5FB635951FDF75A3005812F3 /* People */ = {
			isa = PBXNativeTarget;
			buildConfigurationList = 5FB635A81FDF75A3005812F3 /* Build configuration list for PBXNativeTarget "People" */;
			buildPhases = (
				0D26A0234C5D336D297E6244 /* [CP] Check Pods Manifest.lock */,
				5FB635921FDF75A3005812F3 /* Sources */,
				5FB635931FDF75A3005812F3 /* Frameworks */,
				5FB635941FDF75A3005812F3 /* Resources */,
				F43477C0543C8E92FE4A355C /* [CP] Embed Pods Frameworks */,
				A828FA02E473130DD5F46A85 /* [CP] Copy Pods Resources */,
			);
			buildRules = (
			);
			dependencies = (
			);
			name = People;
			productName = People;
			productReference = 5FB635961FDF75A3005812F3 /* People.app */;
			productType = "com.apple.product-type.application";
		};
/* End PBXNativeTarget section */

/* Begin PBXProject section */
		5FB6358E1FDF75A3005812F3 /* Project object */ = {
			isa = PBXProject;
			attributes = {
				LastSwiftUpdateCheck = 0910;
				LastUpgradeCheck = 0910;
				ORGANIZATIONNAME = "Quoc Dat";
				TargetAttributes = {
					5FB635951FDF75A3005812F3 = {
						CreatedOnToolsVersion = 9.1;
						ProvisioningStyle = Automatic;
					};
				};
			};
			buildConfigurationList = 5FB635911FDF75A3005812F3 /* Build configuration list for PBXProject "People" */;
			compatibilityVersion = "Xcode 8.0";
			developmentRegion = en;
			hasScannedForEncodings = 0;
			knownRegions = (
				en,
				Base,
			);
			mainGroup = 5FB6358D1FDF75A3005812F3;
			productRefGroup = 5FB635971FDF75A3005812F3 /* Products */;
			projectDirPath = "";
			projectRoot = "";
			targets = (
				5FB635951FDF75A3005812F3 /* People */,
			);
		};
/* End PBXProject section */

/* Begin PBXResourcesBuildPhase section */
		5FB635941FDF75A3005812F3 /* Resources */ = {
			isa = PBXResourcesBuildPhase;
			buildActionMask = 2147483647;
			files = (
				5FB635A41FDF75A3005812F3 /* LaunchScreen.storyboard in Resources */,
				5F4F0E5620187FFD00A62508 /* GoogleService-Info.plist in Resources */,
				5FB635A11FDF75A3005812F3 /* Assets.xcassets in Resources */,
				5FB6359F1FDF75A3005812F3 /* Main.storyboard in Resources */,
			);
			runOnlyForDeploymentPostprocessing = 0;
		};
/* End PBXResourcesBuildPhase section */

/* Begin PBXShellScriptBuildPhase section */
		0D26A0234C5D336D297E6244 /* [CP] Check Pods Manifest.lock */ = {
			isa = PBXShellScriptBuildPhase;
			buildActionMask = 2147483647;
			files = (
			);
			inputPaths = (
				"${PODS_PODFILE_DIR_PATH}/Podfile.lock",
				"${PODS_ROOT}/Manifest.lock",
			);
			name = "[CP] Check Pods Manifest.lock";
			outputPaths = (
				"$(DERIVED_FILE_DIR)/Pods-People-checkManifestLockResult.txt",
			);
			runOnlyForDeploymentPostprocessing = 0;
			shellPath = /bin/sh;
			shellScript = "diff \"${PODS_PODFILE_DIR_PATH}/Podfile.lock\" \"${PODS_ROOT}/Manifest.lock\" > /dev/null\nif [ $? != 0 ] ; then\n    # print error to STDERR\n    echo \"error: The sandbox is not in sync with the Podfile.lock. Run 'pod install' or update your CocoaPods installation.\" >&2\n    exit 1\nfi\n# This output is used by Xcode 'outputs' to avoid re-running this script phase.\necho \"SUCCESS\" > \"${SCRIPT_OUTPUT_FILE_0}\"\n";
			showEnvVarsInLog = 0;
		};
		A828FA02E473130DD5F46A85 /* [CP] Copy Pods Resources */ = {
			isa = PBXShellScriptBuildPhase;
			buildActionMask = 2147483647;
			files = (
			);
			inputPaths = (
				"${SRCROOT}/Pods/Target Support Files/Pods-People/Pods-People-resources.sh",
				"${PODS_ROOT}/GoogleSignIn/Resources/GoogleSignIn.bundle",
			);
			name = "[CP] Copy Pods Resources";
			outputPaths = (
				"${TARGET_BUILD_DIR}/${UNLOCALIZED_RESOURCES_FOLDER_PATH}",
			);
			runOnlyForDeploymentPostprocessing = 0;
			shellPath = /bin/sh;
			shellScript = "\"${SRCROOT}/Pods/Target Support Files/Pods-People/Pods-People-resources.sh\"\n";
			showEnvVarsInLog = 0;
		};
		F43477C0543C8E92FE4A355C /* [CP] Embed Pods Frameworks */ = {
			isa = PBXShellScriptBuildPhase;
			buildActionMask = 2147483647;
			files = (
			);
			inputPaths = (
				"${SRCROOT}/Pods/Target Support Files/Pods-People/Pods-People-frameworks.sh",
				"${BUILT_PRODUCTS_DIR}/Alamofire/Alamofire.framework",
				"${BUILT_PRODUCTS_DIR}/CodableAlamofire/CodableAlamofire.framework",
				"${BUILT_PRODUCTS_DIR}/GTMOAuth2/GTMOAuth2.framework",
				"${BUILT_PRODUCTS_DIR}/GTMSessionFetcher/GTMSessionFetcher.framework",
				"${BUILT_PRODUCTS_DIR}/GoogleToolboxForMac/GoogleToolboxForMac.framework",
				"${BUILT_PRODUCTS_DIR}/KMPlaceholderTextView/KMPlaceholderTextView.framework",
				"${BUILT_PRODUCTS_DIR}/Kingfisher/Kingfisher.framework",
				"${BUILT_PRODUCTS_DIR}/leveldb-library/leveldb.framework",
				"${BUILT_PRODUCTS_DIR}/nanopb/nanopb.framework",
			);
			name = "[CP] Embed Pods Frameworks";
			outputPaths = (
				"${TARGET_BUILD_DIR}/${FRAMEWORKS_FOLDER_PATH}/Alamofire.framework",
				"${TARGET_BUILD_DIR}/${FRAMEWORKS_FOLDER_PATH}/CodableAlamofire.framework",
				"${TARGET_BUILD_DIR}/${FRAMEWORKS_FOLDER_PATH}/GTMOAuth2.framework",
				"${TARGET_BUILD_DIR}/${FRAMEWORKS_FOLDER_PATH}/GTMSessionFetcher.framework",
				"${TARGET_BUILD_DIR}/${FRAMEWORKS_FOLDER_PATH}/GoogleToolboxForMac.framework",
				"${TARGET_BUILD_DIR}/${FRAMEWORKS_FOLDER_PATH}/KMPlaceholderTextView.framework",
				"${TARGET_BUILD_DIR}/${FRAMEWORKS_FOLDER_PATH}/Kingfisher.framework",
				"${TARGET_BUILD_DIR}/${FRAMEWORKS_FOLDER_PATH}/leveldb.framework",
				"${TARGET_BUILD_DIR}/${FRAMEWORKS_FOLDER_PATH}/nanopb.framework",
			);
			runOnlyForDeploymentPostprocessing = 0;
			shellPath = /bin/sh;
			shellScript = "\"${SRCROOT}/Pods/Target Support Files/Pods-People/Pods-People-frameworks.sh\"\n";
			showEnvVarsInLog = 0;
		};
/* End PBXShellScriptBuildPhase section */

/* Begin PBXSourcesBuildPhase section */
		5FB635921FDF75A3005812F3 /* Sources */ = {
			isa = PBXSourcesBuildPhase;
			buildActionMask = 2147483647;
			files = (
				5FB635B01FDF808E005812F3 /* PeopleTableViewCell.swift in Sources */,
				5FBB10CC1FDFE68600E7412A /* DataService.swift in Sources */,
				5FA0D0971FE79C1700A04C92 /* ChatManager.swift in Sources */,
				5FB635AC1FDF7F3A005812F3 /* CustomView.swift in Sources */,
				5F5A6A821FE36A9200020FF0 /* BubbleChat.swift in Sources */,
				5FBB10CE1FDFE71C00E7412A /* Modal.swift in Sources */,
				5FB6359C1FDF75A3005812F3 /* MessageViewController.swift in Sources */,
				5FB635AE1FDF8077005812F3 /* PeopleTableViewController.swift in Sources */,
				5F5C42F81FE8F46200DE777D /* VideoCallViewController.swift in Sources */,
				5FB6359A1FDF75A3005812F3 /* AppDelegate.swift in Sources */,
				5F6D04441FE1117600BE7965 /* Extention.swift in Sources */,
				5F5C42F61FE8CD1F00DE777D /* NewsFeedCollectionViewCell.swift in Sources */,
				5F3D815F1FDFBF16004CC1F7 /* MessageTableViewCell.swift in Sources */,
				5F4F0E58201881B200A62508 /* LoginViewController.swift in Sources */,
				5FEB1D081FEA6DDB005ABD4D /* VideoCallManger.swift in Sources */,
				5F1A18C21FEA520B008ACD30 /* CallInComingViewController.swift in Sources */,
				5F5C42F21FE8C57D00DE777D /* NewsFeedViewController.swift in Sources */,
			);
			runOnlyForDeploymentPostprocessing = 0;
		};
/* End PBXSourcesBuildPhase section */

/* Begin PBXVariantGroup section */
		5FB6359D1FDF75A3005812F3 /* Main.storyboard */ = {
			isa = PBXVariantGroup;
			children = (
				5FB6359E1FDF75A3005812F3 /* Base */,
			);
			name = Main.storyboard;
			sourceTree = "<group>";
		};
		5FB635A21FDF75A3005812F3 /* LaunchScreen.storyboard */ = {
			isa = PBXVariantGroup;
			children = (
				5FB635A31FDF75A3005812F3 /* Base */,
			);
			name = LaunchScreen.storyboard;
			sourceTree = "<group>";
		};
/* End PBXVariantGroup section */

/* Begin XCBuildConfiguration section */
		5FB635A61FDF75A3005812F3 /* Debug */ = {
			isa = XCBuildConfiguration;
			buildSettings = {
				ALWAYS_SEARCH_USER_PATHS = NO;
				CLANG_ANALYZER_NONNULL = YES;
				CLANG_ANALYZER_NUMBER_OBJECT_CONVERSION = YES_AGGRESSIVE;
				CLANG_CXX_LANGUAGE_STANDARD = "gnu++14";
				CLANG_CXX_LIBRARY = "libc++";
				CLANG_ENABLE_MODULES = YES;
				CLANG_ENABLE_OBJC_ARC = YES;
				CLANG_WARN_BLOCK_CAPTURE_AUTORELEASING = YES;
				CLANG_WARN_BOOL_CONVERSION = YES;
				CLANG_WARN_COMMA = YES;
				CLANG_WARN_CONSTANT_CONVERSION = YES;
				CLANG_WARN_DIRECT_OBJC_ISA_USAGE = YES_ERROR;
				CLANG_WARN_DOCUMENTATION_COMMENTS = YES;
				CLANG_WARN_EMPTY_BODY = YES;
				CLANG_WARN_ENUM_CONVERSION = YES;
				CLANG_WARN_INFINITE_RECURSION = YES;
				CLANG_WARN_INT_CONVERSION = YES;
				CLANG_WARN_NON_LITERAL_NULL_CONVERSION = YES;
				CLANG_WARN_OBJC_LITERAL_CONVERSION = YES;
				CLANG_WARN_OBJC_ROOT_CLASS = YES_ERROR;
				CLANG_WARN_RANGE_LOOP_ANALYSIS = YES;
				CLANG_WARN_STRICT_PROTOTYPES = YES;
				CLANG_WARN_SUSPICIOUS_MOVE = YES;
				CLANG_WARN_UNGUARDED_AVAILABILITY = YES_AGGRESSIVE;
				CLANG_WARN_UNREACHABLE_CODE = YES;
				CLANG_WARN__DUPLICATE_METHOD_MATCH = YES;
				CODE_SIGN_IDENTITY = "iPhone Developer";
				COPY_PHASE_STRIP = NO;
				DEBUG_INFORMATION_FORMAT = dwarf;
				ENABLE_STRICT_OBJC_MSGSEND = YES;
				ENABLE_TESTABILITY = YES;
				GCC_C_LANGUAGE_STANDARD = gnu11;
				GCC_DYNAMIC_NO_PIC = NO;
				GCC_NO_COMMON_BLOCKS = YES;
				GCC_OPTIMIZATION_LEVEL = 0;
				GCC_PREPROCESSOR_DEFINITIONS = (
					"DEBUG=1",
					"$(inherited)",
				);
				GCC_WARN_64_TO_32_BIT_CONVERSION = YES;
				GCC_WARN_ABOUT_RETURN_TYPE = YES_ERROR;
				GCC_WARN_UNDECLARED_SELECTOR = YES;
				GCC_WARN_UNINITIALIZED_AUTOS = YES_AGGRESSIVE;
				GCC_WARN_UNUSED_FUNCTION = YES;
				GCC_WARN_UNUSED_VARIABLE = YES;
				IPHONEOS_DEPLOYMENT_TARGET = 11.1;
				MTL_ENABLE_DEBUG_INFO = YES;
				ONLY_ACTIVE_ARCH = YES;
				SDKROOT = iphoneos;
				SWIFT_ACTIVE_COMPILATION_CONDITIONS = DEBUG;
				SWIFT_OPTIMIZATION_LEVEL = "-Onone";
			};
			name = Debug;
		};
		5FB635A71FDF75A3005812F3 /* Release */ = {
			isa = XCBuildConfiguration;
			buildSettings = {
				ALWAYS_SEARCH_USER_PATHS = NO;
				CLANG_ANALYZER_NONNULL = YES;
				CLANG_ANALYZER_NUMBER_OBJECT_CONVERSION = YES_AGGRESSIVE;
				CLANG_CXX_LANGUAGE_STANDARD = "gnu++14";
				CLANG_CXX_LIBRARY = "libc++";
				CLANG_ENABLE_MODULES = YES;
				CLANG_ENABLE_OBJC_ARC = YES;
				CLANG_WARN_BLOCK_CAPTURE_AUTORELEASING = YES;
				CLANG_WARN_BOOL_CONVERSION = YES;
				CLANG_WARN_COMMA = YES;
				CLANG_WARN_CONSTANT_CONVERSION = YES;
				CLANG_WARN_DIRECT_OBJC_ISA_USAGE = YES_ERROR;
				CLANG_WARN_DOCUMENTATION_COMMENTS = YES;
				CLANG_WARN_EMPTY_BODY = YES;
				CLANG_WARN_ENUM_CONVERSION = YES;
				CLANG_WARN_INFINITE_RECURSION = YES;
				CLANG_WARN_INT_CONVERSION = YES;
				CLANG_WARN_NON_LITERAL_NULL_CONVERSION = YES;
				CLANG_WARN_OBJC_LITERAL_CONVERSION = YES;
				CLANG_WARN_OBJC_ROOT_CLASS = YES_ERROR;
				CLANG_WARN_RANGE_LOOP_ANALYSIS = YES;
				CLANG_WARN_STRICT_PROTOTYPES = YES;
				CLANG_WARN_SUSPICIOUS_MOVE = YES;
				CLANG_WARN_UNGUARDED_AVAILABILITY = YES_AGGRESSIVE;
				CLANG_WARN_UNREACHABLE_CODE = YES;
				CLANG_WARN__DUPLICATE_METHOD_MATCH = YES;
				CODE_SIGN_IDENTITY = "iPhone Developer";
				COPY_PHASE_STRIP = NO;
				DEBUG_INFORMATION_FORMAT = "dwarf-with-dsym";
				ENABLE_NS_ASSERTIONS = NO;
				ENABLE_STRICT_OBJC_MSGSEND = YES;
				GCC_C_LANGUAGE_STANDARD = gnu11;
				GCC_NO_COMMON_BLOCKS = YES;
				GCC_WARN_64_TO_32_BIT_CONVERSION = YES;
				GCC_WARN_ABOUT_RETURN_TYPE = YES_ERROR;
				GCC_WARN_UNDECLARED_SELECTOR = YES;
				GCC_WARN_UNINITIALIZED_AUTOS = YES_AGGRESSIVE;
				GCC_WARN_UNUSED_FUNCTION = YES;
				GCC_WARN_UNUSED_VARIABLE = YES;
				IPHONEOS_DEPLOYMENT_TARGET = 11.1;
				MTL_ENABLE_DEBUG_INFO = NO;
				SDKROOT = iphoneos;
				SWIFT_OPTIMIZATION_LEVEL = "-Owholemodule";
				VALIDATE_PRODUCT = YES;
			};
			name = Release;
		};
		5FB635A91FDF75A3005812F3 /* Debug */ = {
			isa = XCBuildConfiguration;
			baseConfigurationReference = BE14CE96BF323367FDC03A12 /* Pods-People.debug.xcconfig */;
			buildSettings = {
				ASSETCATALOG_COMPILER_APPICON_NAME = AppIcon;
				CODE_SIGN_STYLE = Automatic;
				DEVELOPMENT_TEAM = S63993FAG8;
				ENABLE_BITCODE = NO;
				INFOPLIST_FILE = People/Info.plist;
				IPHONEOS_DEPLOYMENT_TARGET = 11.2;
				LD_RUNPATH_SEARCH_PATHS = "$(inherited) @executable_path/Frameworks";
				PRODUCT_BUNDLE_IDENTIFIER = QuocDat.People;
				PRODUCT_NAME = "$(TARGET_NAME)";
				SWIFT_VERSION = 4.0;
				TARGETED_DEVICE_FAMILY = "1,2";
			};
			name = Debug;
		};
		5FB635AA1FDF75A3005812F3 /* Release */ = {
			isa = XCBuildConfiguration;
			baseConfigurationReference = A84017FF240CD497DD836DBF /* Pods-People.release.xcconfig */;
			buildSettings = {
				ASSETCATALOG_COMPILER_APPICON_NAME = AppIcon;
				CODE_SIGN_STYLE = Automatic;
				DEVELOPMENT_TEAM = S63993FAG8;
				ENABLE_BITCODE = NO;
				INFOPLIST_FILE = People/Info.plist;
				IPHONEOS_DEPLOYMENT_TARGET = 11.2;
				LD_RUNPATH_SEARCH_PATHS = "$(inherited) @executable_path/Frameworks";
				PRODUCT_BUNDLE_IDENTIFIER = QuocDat.People;
				PRODUCT_NAME = "$(TARGET_NAME)";
				SWIFT_VERSION = 4.0;
				TARGETED_DEVICE_FAMILY = "1,2";
			};
			name = Release;
		};
/* End XCBuildConfiguration section */

/* Begin XCConfigurationList section */
		5FB635911FDF75A3005812F3 /* Build configuration list for PBXProject "People" */ = {
			isa = XCConfigurationList;
			buildConfigurations = (
				5FB635A61FDF75A3005812F3 /* Debug */,
				5FB635A71FDF75A3005812F3 /* Release */,
			);
			defaultConfigurationIsVisible = 0;
			defaultConfigurationName = Release;
		};
		5FB635A81FDF75A3005812F3 /* Build configuration list for PBXNativeTarget "People" */ = {
			isa = XCConfigurationList;
			buildConfigurations = (
				5FB635A91FDF75A3005812F3 /* Debug */,
				5FB635AA1FDF75A3005812F3 /* Release */,
			);
			defaultConfigurationIsVisible = 0;
			defaultConfigurationName = Release;
		};
/* End XCConfigurationList section */
	};
	rootObject = 5FB6358E1FDF75A3005812F3 /* Project object */;
}
